
Microsoft Visual Studio Solution File, Format Version 12.00
# Visual Studio 2013
VisualStudioVersion = 12.0.40629.0
MinimumVisualStudioVersion = 10.0.40219.1
Project("{FAE04EC0-301F-11D3-BF4B-00C04F79EFBC}") = "ProjectDemo", "ProjectDemo\ProjectDemo.csproj", "{875EC62D-E016-48D6-838C-E04E9A1941B3}"
EndProject
Project("{FAE04EC0-301F-11D3-BF4B-00C04F79EFBC}") = "DataLayer", "DataLayer\DataLayer.csproj", "{0237CB07-BEC2-4AD9-967F-F84589A6C5D1}"
EndProject
Global
	GlobalSection(SolutionConfigurationPlatforms) = preSolution
		Debug|Any CPU = Debug|Any CPU
		Release|Any CPU = Release|Any CPU
	EndGlobalSection
	GlobalSection(ProjectConfigurationPlatforms) = postSolution
		{875EC62D-E016-48D6-838C-E04E9A1941B3}.Debug|Any CPU.ActiveCfg = Debug|Any CPU
		{875EC62D-E016-48D6-838C-E04E9A1941B3}.Debug|Any CPU.Build.0 = Debug|Any CPU
		{875EC62D-E016-48D6-838C-E04E9A1941B3}.Release|Any CPU.ActiveCfg = Release|Any CPU
		{875EC62D-E016-48D6-838C-E04E9A1941B3}.Release|Any CPU.Build.0 = Release|Any CPU
		{0237CB07-BEC2-4AD9-967F-F84589A6C5D1}.Debug|Any CPU.ActiveCfg = Debug|Any CPU
		{0237CB07-BEC2-4AD9-967F-F84589A6C5D1}.Debug|Any CPU.Build.0 = Debug|Any CPU
		{0237CB07-BEC2-4AD9-967F-F84589A6C5D1}.Release|Any CPU.ActiveCfg = Release|Any CPU
		{0237CB07-BEC2-4AD9-967F-F84589A6C5D1}.Release|Any CPU.Build.0 = Release|Any CPU
	EndGlobalSection
	GlobalSection(SolutionProperties) = preSolution
		HideSolutionNode = FALSE
	EndGlobalSection
EndGlobal
